
Microsoft Visual Studio Solution File, Format Version 12.00
# Visual Studio Version 17
VisualStudioVersion = 17.0.32014.148
MinimumVisualStudioVersion = 10.0.40219.1
Project("{FAE04EC0-301F-11D3-BF4B-00C04F79EFBC}") = "week10", "week10\week10.csproj", "{BDC50003-74C8-498E-B6F7-F6C766A70C2F}"
EndProject
Global
	GlobalSection(SolutionConfigurationPlatforms) = preSolution
		Debug|Any CPU = Debug|Any CPU
		Release|Any CPU = Release|Any CPU
	EndGlobalSection
	GlobalSection(ProjectConfigurationPlatforms) = postSolution
		{BDC50003-74C8-498E-B6F7-F6C766A70C2F}.Debug|Any CPU.ActiveCfg = Debug|Any CPU
		{BDC50003-74C8-498E-B6F7-F6C766A70C2F}.Debug|Any CPU.Build.0 = Debug|Any CPU
		{BDC50003-74C8-498E-B6F7-F6C766A70C2F}.Release|Any CPU.ActiveCfg = Release|Any CPU
		{BDC50003-74C8-498E-B6F7-F6C766A70C2F}.Release|Any CPU.Build.0 = Release|Any CPU
	EndGlobalSection
	GlobalSection(SolutionProperties) = preSolution
		HideSolutionNode = FALSE
	EndGlobalSection
	GlobalSection(ExtensibilityGlobals) = postSolution
		SolutionGuid = {59B0EC88-9858-418B-A573-F57D1D77642D}
	EndGlobalSection
EndGlobal
